
Microsoft Visual Studio Solution File, Format Version 12.00
# Visual Studio Version 16
VisualStudioVersion = 16.0.29613.14
MinimumVisualStudioVersion = 10.0.40219.1
Project("{FAE04EC0-301F-11D3-BF4B-00C04F79EFBC}") = "Clrs", "Clrs.csproj", "{63E88975-08A1-46E7-8345-258CF5980729}"
EndProject
Global
	GlobalSection(SolutionConfigurationPlatforms) = preSolution
		Debug|Any CPU = Debug|Any CPU
		Release|Any CPU = Release|Any CPU
	EndGlobalSection
	GlobalSection(ProjectConfigurationPlatforms) = postSolution
		{63E88975-08A1-46E7-8345-258CF5980729}.Debug|Any CPU.ActiveCfg = Debug|Any CPU
		{63E88975-08A1-46E7-8345-258CF5980729}.Debug|Any CPU.Build.0 = Debug|Any CPU
		{63E88975-08A1-46E7-8345-258CF5980729}.Release|Any CPU.ActiveCfg = Release|Any CPU
		{63E88975-08A1-46E7-8345-258CF5980729}.Release|Any CPU.Build.0 = Release|Any CPU
	EndGlobalSection
	GlobalSection(SolutionProperties) = preSolution
		HideSolutionNode = FALSE
	EndGlobalSection
	GlobalSection(ExtensibilityGlobals) = postSolution
		SolutionGuid = {6ADF8A7E-08CE-44F9-B683-E07F7E55CF64}
	EndGlobalSection
EndGlobal
